# This file is autogenerated, do not edit; changes may be undone by the next 'dep ensure'.


[[projects]]
  branch = "master"
  digest = "1:199baa8edc9c06e82143a9f6c758249e62adb12101a6db244935421d3110a7a6"
  name = "github.com/facebookgo/flagenv"
  packages = ["."]
  pruneopts = "UT"
  revision = "fcd59fca7456889be7f2ad4515b7612fd6acef31"

[[projects]]
  digest = "1:c79fb010be38a59d657c48c6ba1d003a8aa651fa56b579d959d74573b7dff8e1"
  name = "github.com/gorilla/context"
  packages = ["."]
  pruneopts = "UT"
  revision = "08b5f424b9271eedf6f9f0ce86cb9396ed337a42"
  version = "v1.1.1"

[[projects]]
  digest = "1:e73f5b0152105f18bc131fba127d9949305c8693f8a762588a82a48f61756f5f"
  name = "github.com/gorilla/mux"
  packages = ["."]
  pruneopts = "UT"
  revision = "e3702bed27f0d39777b0b37b664b6280e8ef8fbf"
  version = "v1.6.2"

[[projects]]
  branch = "master"
  digest = "1:93a249e1ab081d31c03b993c7ccb74e9f3e4309b9528e66e2ae4d9f8e0a6b94b"
  name = "golang.org/x/net"
  packages = [
    "bpf",
    "icmp",
    "internal/iana",
    "internal/socket",
    "ipv4",
    "ipv6",
  ]
  pruneopts = "UT"
  revision = "1e06a53dbb7e2ed46e91183f219db23c6943c532"

[solve-meta]
  analyzer-name = "dep"
  analyzer-version = 1
  input-imports = [
    "github.com/facebookgo/flagenv",
    "github.com/gorilla/mux",
    "golang.org/x/net/icmp",
    "golang.org/x/net/ipv4",
  ]
  solver-name = "gps-cdcl"
  solver-version = 1
